Microsoft Visual Studio Solution File, Format Version 12.00
# Visual Studio Version 17
VisualStudioVersion = 17.5.2.0
MinimumVisualStudioVersion = 10.0.40219.1
Project("{FAE04EC0-301F-11D3-BF4B-00C04F79EFBC}") = "PDFManager", "PDFManager.csproj", "{1F39AAA8-34EC-FFF8-65C8-2F6CA6506068}"
EndProject
Global
	GlobalSection(SolutionConfigurationPlatforms) = preSolution
		Debug|Any CPU = Debug|Any CPU
		Release|Any CPU = Release|Any CPU
	EndGlobalSection
	GlobalSection(ProjectConfigurationPlatforms) = postSolution
		{1F39AAA8-34EC-FFF8-65C8-2F6CA6506068}.Debug|Any CPU.ActiveCfg = Debug|Any CPU
		{1F39AAA8-34EC-FFF8-65C8-2F6CA6506068}.Debug|Any CPU.Build.0 = Debug|Any CPU
		{1F39AAA8-34EC-FFF8-65C8-2F6CA6506068}.Release|Any CPU.ActiveCfg = Release|Any CPU
		{1F39AAA8-34EC-FFF8-65C8-2F6CA6506068}.Release|Any CPU.Build.0 = Release|Any CPU
	EndGlobalSection
	GlobalSection(SolutionProperties) = preSolution
		HideSolutionNode = FALSE
	EndGlobalSection
	GlobalSection(ExtensibilityGlobals) = postSolution
		SolutionGuid = {33F737FB-6833-42F3-935B-E4348FCEFCC2}
	EndGlobalSection
EndGlobal
